Microsoft Visual Studio Solution File, Format Version 12.00
# Visual Studio 2012
Project("{FAE04EC0-301F-11D3-BF4B-00C04F79EFBC}") = "Don't Explode Yourself", "Don't Explode Yourself.csproj", "{4B23F1D6-2658-4A5F-821B-89CB3BACA5B3}"
EndProject
Global
	GlobalSection(SolutionConfigurationPlatforms) = preSolution
	Debug|Any CPU = Debug|Any CPU
	Release|Any CPU = Release|Any CPU
	Tools|Any CPU = Tools|Any CPU
	EndGlobalSection
	GlobalSection(ProjectConfigurationPlatforms) = postSolution
		{4B23F1D6-2658-4A5F-821B-89CB3BACA5B3}.Debug|Any CPU.ActiveCfg = Debug|Any CPU
		{4B23F1D6-2658-4A5F-821B-89CB3BACA5B3}.Debug|Any CPU.Build.0 = Debug|Any CPU
		{4B23F1D6-2658-4A5F-821B-89CB3BACA5B3}.Release|Any CPU.ActiveCfg = Release|Any CPU
		{4B23F1D6-2658-4A5F-821B-89CB3BACA5B3}.Release|Any CPU.Build.0 = Release|Any CPU
		{4B23F1D6-2658-4A5F-821B-89CB3BACA5B3}.Tools|Any CPU.ActiveCfg = Tools|Any CPU
		{4B23F1D6-2658-4A5F-821B-89CB3BACA5B3}.Tools|Any CPU.Build.0 = Tools|Any CPU
	EndGlobalSection
EndGlobal
